// !$*UTF8*$!
{
	archiveVersion = 1;
	classes = {
	};
	objectVersion = 50;
	objects = {

/* Begin PBXBuildFile section */
		6BB708D0251A1F590035CFC6 /* AppDelegate.swift in Sources */ = {isa = PBXBuildFile; fileRef = 6BB708CF251A1F590035CFC6 /* AppDelegate.swift */; };
		6BB708D2251A1F590035CFC6 /* SceneDelegate.swift in Sources */ = {isa = PBXBuildFile; fileRef = 6BB708D1251A1F590035CFC6 /* SceneDelegate.swift */; };
		6BB708D9251A1F5B0035CFC6 /* Assets.xcassets in Resources */ = {isa = PBXBuildFile; fileRef = 6BB708D8251A1F5B0035CFC6 /* Assets.xcassets */; };
		6BB708DC251A1F5B0035CFC6 /* LaunchScreen.storyboard in Resources */ = {isa = PBXBuildFile; fileRef = 6BB708DA251A1F5B0035CFC6 /* LaunchScreen.storyboard */; };
		6BB708E9251A20710035CFC6 /* AllNewsController.swift in Sources */ = {isa = PBXBuildFile; fileRef = 6BB708E8251A20710035CFC6 /* AllNewsController.swift */; };
		6BB708F0251A239A0035CFC6 /* ContentsCell.swift in Sources */ = {isa = PBXBuildFile; fileRef = 6BB708EF251A239A0035CFC6 /* ContentsCell.swift */; };
		6BB708F4251A37F40035CFC6 /* UIView+Extension.swift in Sources */ = {isa = PBXBuildFile; fileRef = 6BB708F3251A37F30035CFC6 /* UIView+Extension.swift */; };
		6BB708FE251A48300035CFC6 /* News.swift in Sources */ = {isa = PBXBuildFile; fileRef = 6BB708FD251A48300035CFC6 /* News.swift */; };
		6BB70902251A58780035CFC6 /* DetailNewsController.swift in Sources */ = {isa = PBXBuildFile; fileRef = 6BB70901251A58780035CFC6 /* DetailNewsController.swift */; };
		6BB70909251A5E460035CFC6 /* DetailNewsCell.swift in Sources */ = {isa = PBXBuildFile; fileRef = 6BB70908251A5E460035CFC6 /* DetailNewsCell.swift */; };
		6BFE61D6251B6E8C00B2DE97 /* NewsParser.swift in Sources */ = {isa = PBXBuildFile; fileRef = 6BFE61D5251B6E8C00B2DE97 /* NewsParser.swift */; };
/* End PBXBuildFile section */

/* Begin PBXFileReference section */
		6BB708CC251A1F590035CFC6 /* RssApp.app */ = {isa = PBXFileReference; explicitFileType = wrapper.application; includeInIndex = 0; path = RssApp.app; sourceTree = BUILT_PRODUCTS_DIR; };
		6BB708CF251A1F590035CFC6 /* AppDelegate.swift */ = {isa = PBXFileReference; lastKnownFileType = sourcecode.swift; path = AppDelegate.swift; sourceTree = "<group>"; };
		6BB708D1251A1F590035CFC6 /* SceneDelegate.swift */ = {isa = PBXFileReference; lastKnownFileType = sourcecode.swift; path = SceneDelegate.swift; sourceTree = "<group>"; };
		6BB708D8251A1F5B0035CFC6 /* Assets.xcassets */ = {isa = PBXFileReference; lastKnownFileType = folder.assetcatalog; path = Assets.xcassets; sourceTree = "<group>"; };
		6BB708DB251A1F5B0035CFC6 /* Base */ = {isa = PBXFileReference; lastKnownFileType = file.storyboard; name = Base; path = Base.lproj/LaunchScreen.storyboard; sourceTree = "<group>"; };
		6BB708DD251A1F5B0035CFC6 /* Info.plist */ = {isa = PBXFileReference; lastKnownFileType = text.plist.xml; path = Info.plist; sourceTree = "<group>"; };
		6BB708E8251A20710035CFC6 /* AllNewsController.swift */ = {isa = PBXFileReference; lastKnownFileType = sourcecode.swift; path = AllNewsController.swift; sourceTree = "<group>"; };
		6BB708EF251A239A0035CFC6 /* ContentsCell.swift */ = {isa = PBXFileReference; lastKnownFileType = sourcecode.swift; path = ContentsCell.swift; sourceTree = "<group>"; };
		6BB708F3251A37F30035CFC6 /* UIView+Extension.swift */ = {isa = PBXFileReference; lastKnownFileType = sourcecode.swift; path = "UIView+Extension.swift"; sourceTree = "<group>"; };
		6BB708FD251A48300035CFC6 /* News.swift */ = {isa = PBXFileReference; lastKnownFileType = sourcecode.swift; path = News.swift; sourceTree = "<group>"; };
		6BB70901251A58780035CFC6 /* DetailNewsController.swift */ = {isa = PBXFileReference; lastKnownFileType = sourcecode.swift; path = DetailNewsController.swift; sourceTree = "<group>"; };
		6BB70908251A5E460035CFC6 /* DetailNewsCell.swift */ = {isa = PBXFileReference; lastKnownFileType = sourcecode.swift; path = DetailNewsCell.swift; sourceTree = "<group>"; };
		6BFE61D5251B6E8C00B2DE97 /* NewsParser.swift */ = {isa = PBXFileReference; lastKnownFileType = sourcecode.swift; path = NewsParser.swift; sourceTree = "<group>"; };
/* End PBXFileReference section */

/* Begin PBXFrameworksBuildPhase section */
		6BB708C9251A1F590035CFC6 /* Frameworks */ = {
			isa = PBXFrameworksBuildPhase;
			buildActionMask = 2147483647;
			files = (
			);
			runOnlyForDeploymentPostprocessing = 0;
		};
/* End PBXFrameworksBuildPhase section */

/* Begin PBXGroup section */
		6BB708C3251A1F590035CFC6 = {
			isa = PBXGroup;
			children = (
				6BB708CE251A1F590035CFC6 /* RssApp */,
				6BB708CD251A1F590035CFC6 /* Products */,
			);
			sourceTree = "<group>";
		};
		6BB708CD251A1F590035CFC6 /* Products */ = {
			isa = PBXGroup;
			children = (
				6BB708CC251A1F590035CFC6 /* RssApp.app */,
			);
			name = Products;
			sourceTree = "<group>";
		};
		6BB708CE251A1F590035CFC6 /* RssApp */ = {
			isa = PBXGroup;
			children = (
				6BFE61D0251B6DF000B2DE97 /* Application */,
				6BB70900251A58580035CFC6 /* DetailNews */,
				6BB708ED251A235D0035CFC6 /* AllNews */,
				6BB708F9251A39CD0035CFC6 /* Supporting */,
			);
			path = RssApp;
			sourceTree = "<group>";
		};
		6BB708EB251A23530035CFC6 /* Controller */ = {
			isa = PBXGroup;
			children = (
				6BB708E8251A20710035CFC6 /* AllNewsController.swift */,
			);
			path = Controller;
			sourceTree = "<group>";
		};
		6BB708ED251A235D0035CFC6 /* AllNews */ = {
			isa = PBXGroup;
			children = (
				6BB708EE251A23680035CFC6 /* View */,
				6BB708EB251A23530035CFC6 /* Controller */,
			);
			path = AllNews;
			sourceTree = "<group>";
		};
		6BB708EE251A23680035CFC6 /* View */ = {
			isa = PBXGroup;
			children = (
				6BB708EF251A239A0035CFC6 /* ContentsCell.swift */,
			);
			path = View;
			sourceTree = "<group>";
		};
		6BB708F7251A388C0035CFC6 /* Extensions-Utilites */ = {
			isa = PBXGroup;
			children = (
				6BB708F3251A37F30035CFC6 /* UIView+Extension.swift */,
			);
			path = "Extensions-Utilites";
			sourceTree = "<group>";
		};
		6BB708F9251A39CD0035CFC6 /* Supporting */ = {
			isa = PBXGroup;
			children = (
				6BB708D8251A1F5B0035CFC6 /* Assets.xcassets */,
				6BB708DD251A1F5B0035CFC6 /* Info.plist */,
			);
			path = Supporting;
			sourceTree = "<group>";
		};
		6BB708FC251A481A0035CFC6 /* Model */ = {
			isa = PBXGroup;
			children = (
				6BB708FD251A48300035CFC6 /* News.swift */,
			);
			path = Model;
			sourceTree = "<group>";
		};
		6BB70900251A58580035CFC6 /* DetailNews */ = {
			isa = PBXGroup;
			children = (
				6BB70907251A5E2C0035CFC6 /* View */,
				6BB70905251A5E250035CFC6 /* Controller */,
			);
			path = DetailNews;
			sourceTree = "<group>";
		};
		6BB70905251A5E250035CFC6 /* Controller */ = {
			isa = PBXGroup;
			children = (
				6BB70901251A58780035CFC6 /* DetailNewsController.swift */,
			);
			path = Controller;
			sourceTree = "<group>";
		};
		6BB70907251A5E2C0035CFC6 /* View */ = {
			isa = PBXGroup;
			children = (
				6BB70908251A5E460035CFC6 /* DetailNewsCell.swift */,
			);
			path = View;
			sourceTree = "<group>";
		};
		6BFE61D0251B6DF000B2DE97 /* Application */ = {
			isa = PBXGroup;
			children = (
				6BB708FC251A481A0035CFC6 /* Model */,
				6BFE61D3251B6E2300B2DE97 /* View */,
				6BFE61D1251B6DFE00B2DE97 /* Controller */,
				6BFE61D9251B6F4E00B2DE97 /* Service */,
			);
			path = Application;
			sourceTree = "<group>";
		};
		6BFE61D1251B6DFE00B2DE97 /* Controller */ = {
			isa = PBXGroup;
			children = (
				6BB708CF251A1F590035CFC6 /* AppDelegate.swift */,
				6BB708D1251A1F590035CFC6 /* SceneDelegate.swift */,
			);
			path = Controller;
			sourceTree = "<group>";
		};
		6BFE61D3251B6E2300B2DE97 /* View */ = {
			isa = PBXGroup;
			children = (
				6BB708DA251A1F5B0035CFC6 /* LaunchScreen.storyboard */,
			);
			path = View;
			sourceTree = "<group>";
		};
		6BFE61D4251B6E7000B2DE97 /* Network */ = {
			isa = PBXGroup;
			children = (
				6BFE61D5251B6E8C00B2DE97 /* NewsParser.swift */,
			);
			path = Network;
			sourceTree = "<group>";
		};
		6BFE61D9251B6F4E00B2DE97 /* Service */ = {
			isa = PBXGroup;
			children = (
				6BFE61D4251B6E7000B2DE97 /* Network */,
				6BB708F7251A388C0035CFC6 /* Extensions-Utilites */,
			);
			path = Service;
			sourceTree = "<group>";
		};
/* End PBXGroup section */

/* Begin PBXNativeTarget section */
		6BB708CB251A1F590035CFC6 /* RssApp */ = {
			isa = PBXNativeTarget;
			buildConfigurationList = 6BB708E0251A1F5B0035CFC6 /* Build configuration list for PBXNativeTarget "RssApp" */;
			buildPhases = (
				6BB708C8251A1F590035CFC6 /* Sources */,
				6BB708C9251A1F590035CFC6 /* Frameworks */,
				6BB708CA251A1F590035CFC6 /* Resources */,
			);
			buildRules = (
			);
			dependencies = (
			);
			name = RssApp;
			productName = RssApp;
			productReference = 6BB708CC251A1F590035CFC6 /* RssApp.app */;
			productType = "com.apple.product-type.application";
		};
/* End PBXNativeTarget section */

/* Begin PBXProject section */
		6BB708C4251A1F590035CFC6 /* Project object */ = {
			isa = PBXProject;
			attributes = {
				LastSwiftUpdateCheck = 1200;
				LastUpgradeCheck = 1200;
				TargetAttributes = {
					6BB708CB251A1F590035CFC6 = {
						CreatedOnToolsVersion = 12.0;
					};
				};
			};
			buildConfigurationList = 6BB708C7251A1F590035CFC6 /* Build configuration list for PBXProject "RssApp" */;
			compatibilityVersion = "Xcode 9.3";
			developmentRegion = en;
			hasScannedForEncodings = 0;
			knownRegions = (
				en,
				Base,
			);
			mainGroup = 6BB708C3251A1F590035CFC6;
			productRefGroup = 6BB708CD251A1F590035CFC6 /* Products */;
			projectDirPath = "";
			projectRoot = "";
			targets = (
				6BB708CB251A1F590035CFC6 /* RssApp */,
			);
		};
/* End PBXProject section */

/* Begin PBXResourcesBuildPhase section */
		6BB708CA251A1F590035CFC6 /* Resources */ = {
			isa = PBXResourcesBuildPhase;
			buildActionMask = 2147483647;
			files = (
				6BB708DC251A1F5B0035CFC6 /* LaunchScreen.storyboard in Resources */,
				6BB708D9251A1F5B0035CFC6 /* Assets.xcassets in Resources */,
			);
			runOnlyForDeploymentPostprocessing = 0;
		};
/* End PBXResourcesBuildPhase section */

/* Begin PBXSourcesBuildPhase section */
		6BB708C8251A1F590035CFC6 /* Sources */ = {
			isa = PBXSourcesBuildPhase;
			buildActionMask = 2147483647;
			files = (
				6BB708FE251A48300035CFC6 /* News.swift in Sources */,
				6BB708F4251A37F40035CFC6 /* UIView+Extension.swift in Sources */,
				6BB70909251A5E460035CFC6 /* DetailNewsCell.swift in Sources */,
				6BFE61D6251B6E8C00B2DE97 /* NewsParser.swift in Sources */,
				6BB708D0251A1F590035CFC6 /* AppDelegate.swift in Sources */,
				6BB70902251A58780035CFC6 /* DetailNewsController.swift in Sources */,
				6BB708D2251A1F590035CFC6 /* SceneDelegate.swift in Sources */,
				6BB708E9251A20710035CFC6 /* AllNewsController.swift in Sources */,
				6BB708F0251A239A0035CFC6 /* ContentsCell.swift in Sources */,
			);
			runOnlyForDeploymentPostprocessing = 0;
		};
/* End PBXSourcesBuildPhase section */

/* Begin PBXVariantGroup section */
		6BB708DA251A1F5B0035CFC6 /* LaunchScreen.storyboard */ = {
			isa = PBXVariantGroup;
			children = (
				6BB708DB251A1F5B0035CFC6 /* Base */,
			);
			name = LaunchScreen.storyboard;
			sourceTree = "<group>";
		};
/* End PBXVariantGroup section */

/* Begin XCBuildConfiguration section */
		6BB708DE251A1F5B0035CFC6 /* Debug */ = {
			isa = XCBuildConfiguration;
			buildSettings = {
				ALWAYS_SEARCH_USER_PATHS = NO;
				CLANG_ANALYZER_NONNULL = YES;
				CLANG_ANALYZER_NUMBER_OBJECT_CONVERSION = YES_AGGRESSIVE;
				CLANG_CXX_LANGUAGE_STANDARD = "gnu++14";
				CLANG_CXX_LIBRARY = "libc++";
				CLANG_ENABLE_MODULES = YES;
				CLANG_ENABLE_OBJC_ARC = YES;
				CLANG_ENABLE_OBJC_WEAK = YES;
				CLANG_WARN_BLOCK_CAPTURE_AUTORELEASING = YES;
				CLANG_WARN_BOOL_CONVERSION = YES;
				CLANG_WARN_COMMA = YES;
				CLANG_WARN_CONSTANT_CONVERSION = YES;
				CLANG_WARN_DEPRECATED_OBJC_IMPLEMENTATIONS = YES;
				CLANG_WARN_DIRECT_OBJC_ISA_USAGE = YES_ERROR;
				CLANG_WARN_DOCUMENTATION_COMMENTS = YES;
				CLANG_WARN_EMPTY_BODY = YES;
				CLANG_WARN_ENUM_CONVERSION = YES;
				CLANG_WARN_INFINITE_RECURSION = YES;
				CLANG_WARN_INT_CONVERSION = YES;
				CLANG_WARN_NON_LITERAL_NULL_CONVERSION = YES;
				CLANG_WARN_OBJC_IMPLICIT_RETAIN_SELF = YES;
				CLANG_WARN_OBJC_LITERAL_CONVERSION = YES;
				CLANG_WARN_OBJC_ROOT_CLASS = YES_ERROR;
				CLANG_WARN_QUOTED_INCLUDE_IN_FRAMEWORK_HEADER = YES;
				CLANG_WARN_RANGE_LOOP_ANALYSIS = YES;
				CLANG_WARN_STRICT_PROTOTYPES = YES;
				CLANG_WARN_SUSPICIOUS_MOVE = YES;
				CLANG_WARN_UNGUARDED_AVAILABILITY = YES_AGGRESSIVE;
				CLANG_WARN_UNREACHABLE_CODE = YES;
				CLANG_WARN__DUPLICATE_METHOD_MATCH = YES;
				COPY_PHASE_STRIP = NO;
				DEBUG_INFORMATION_FORMAT = dwarf;
				ENABLE_STRICT_OBJC_MSGSEND = YES;
				ENABLE_TESTABILITY = YES;
				GCC_C_LANGUAGE_STANDARD = gnu11;
				GCC_DYNAMIC_NO_PIC = NO;
				GCC_NO_COMMON_BLOCKS = YES;
				GCC_OPTIMIZATION_LEVEL = 0;
				GCC_PREPROCESSOR_DEFINITIONS = (
					"DEBUG=1",
					"$(inherited)",
				);
				GCC_WARN_64_TO_32_BIT_CONVERSION = YES;
				GCC_WARN_ABOUT_RETURN_TYPE = YES_ERROR;
				GCC_WARN_UNDECLARED_SELECTOR = YES;
				GCC_WARN_UNINITIALIZED_AUTOS = YES_AGGRESSIVE;
				GCC_WARN_UNUSED_FUNCTION = YES;
				GCC_WARN_UNUSED_VARIABLE = YES;
				IPHONEOS_DEPLOYMENT_TARGET = 14.0;
				MTL_ENABLE_DEBUG_INFO = INCLUDE_SOURCE;
				MTL_FAST_MATH = YES;
				ONLY_ACTIVE_ARCH = YES;
				SDKROOT = iphoneos;
				SWIFT_ACTIVE_COMPILATION_CONDITIONS = DEBUG;
				SWIFT_OPTIMIZATION_LEVEL = "-Onone";
			};
			name = Debug;
		};
		6BB708DF251A1F5B0035CFC6 /* Release */ = {
			isa = XCBuildConfiguration;
			buildSettings = {
				ALWAYS_SEARCH_USER_PATHS = NO;
				CLANG_ANALYZER_NONNULL = YES;
				CLANG_ANALYZER_NUMBER_OBJECT_CONVERSION = YES_AGGRESSIVE;
				CLANG_CXX_LANGUAGE_STANDARD = "gnu++14";
				CLANG_CXX_LIBRARY = "libc++";
				CLANG_ENABLE_MODULES = YES;
				CLANG_ENABLE_OBJC_ARC = YES;
				CLANG_ENABLE_OBJC_WEAK = YES;
				CLANG_WARN_BLOCK_CAPTURE_AUTORELEASING = YES;
				CLANG_WARN_BOOL_CONVERSION = YES;
				CLANG_WARN_COMMA = YES;
				CLANG_WARN_CONSTANT_CONVERSION = YES;
				CLANG_WARN_DEPRECATED_OBJC_IMPLEMENTATIONS = YES;
				CLANG_WARN_DIRECT_OBJC_ISA_USAGE = YES_ERROR;
				CLANG_WARN_DOCUMENTATION_COMMENTS = YES;
				CLANG_WARN_EMPTY_BODY = YES;
				CLANG_WARN_ENUM_CONVERSION = YES;
				CLANG_WARN_INFINITE_RECURSION = YES;
				CLANG_WARN_INT_CONVERSION = YES;
				CLANG_WARN_NON_LITERAL_NULL_CONVERSION = YES;
				CLANG_WARN_OBJC_IMPLICIT_RETAIN_SELF = YES;
				CLANG_WARN_OBJC_LITERAL_CONVERSION = YES;
				CLANG_WARN_OBJC_ROOT_CLASS = YES_ERROR;
				CLANG_WARN_QUOTED_INCLUDE_IN_FRAMEWORK_HEADER = YES;
				CLANG_WARN_RANGE_LOOP_ANALYSIS = YES;
				CLANG_WARN_STRICT_PROTOTYPES = YES;
				CLANG_WARN_SUSPICIOUS_MOVE = YES;
				CLANG_WARN_UNGUARDED_AVAILABILITY = YES_AGGRESSIVE;
				CLANG_WARN_UNREACHABLE_CODE = YES;
				CLANG_WARN__DUPLICATE_METHOD_MATCH = YES;
				COPY_PHASE_STRIP = NO;
				DEBUG_INFORMATION_FORMAT = "dwarf-with-dsym";
				ENABLE_NS_ASSERTIONS = NO;
				ENABLE_STRICT_OBJC_MSGSEND = YES;
				GCC_C_LANGUAGE_STANDARD = gnu11;
				GCC_NO_COMMON_BLOCKS = YES;
				GCC_WARN_64_TO_32_BIT_CONVERSION = YES;
				GCC_WARN_ABOUT_RETURN_TYPE = YES_ERROR;
				GCC_WARN_UNDECLARED_SELECTOR = YES;
				GCC_WARN_UNINITIALIZED_AUTOS = YES_AGGRESSIVE;
				GCC_WARN_UNUSED_FUNCTION = YES;
				GCC_WARN_UNUSED_VARIABLE = YES;
				IPHONEOS_DEPLOYMENT_TARGET = 14.0;
				MTL_ENABLE_DEBUG_INFO = NO;
				MTL_FAST_MATH = YES;
				SDKROOT = iphoneos;
				SWIFT_COMPILATION_MODE = wholemodule;
				SWIFT_OPTIMIZATION_LEVEL = "-O";
				VALIDATE_PRODUCT = YES;
			};
			name = Release;
		};
		6BB708E1251A1F5B0035CFC6 /* Debug */ = {
			isa = XCBuildConfiguration;
			buildSettings = {
				ASSETCATALOG_COMPILER_APPICON_NAME = AppIcon;
				ASSETCATALOG_COMPILER_GLOBAL_ACCENT_COLOR_NAME = AccentColor;
				CODE_SIGN_STYLE = Automatic;
				DEVELOPMENT_TEAM = L2PAJC487U;
				INFOPLIST_FILE = "$(SRCROOT)/RssApp/Supporting/Info.plist";
				LD_RUNPATH_SEARCH_PATHS = (
					"$(inherited)",
					"@executable_path/Frameworks",
				);
				PRODUCT_BUNDLE_IDENTIFIER = kiseleff.RssApp;
				PRODUCT_NAME = "$(TARGET_NAME)";
				SWIFT_VERSION = 5.0;
				TARGETED_DEVICE_FAMILY = 1;
			};
			name = Debug;
		};
		6BB708E2251A1F5B0035CFC6 /* Release */ = {
			isa = XCBuildConfiguration;
			buildSettings = {
				ASSETCATALOG_COMPILER_APPICON_NAME = AppIcon;
				ASSETCATALOG_COMPILER_GLOBAL_ACCENT_COLOR_NAME = AccentColor;
				CODE_SIGN_STYLE = Automatic;
				DEVELOPMENT_TEAM = L2PAJC487U;
				INFOPLIST_FILE = "$(SRCROOT)/RssApp/Supporting/Info.plist";
				LD_RUNPATH_SEARCH_PATHS = (
					"$(inherited)",
					"@executable_path/Frameworks",
				);
				PRODUCT_BUNDLE_IDENTIFIER = kiseleff.RssApp;
				PRODUCT_NAME = "$(TARGET_NAME)";
				SWIFT_VERSION = 5.0;
				TARGETED_DEVICE_FAMILY = 1;
			};
			name = Release;
		};
/* End XCBuildConfiguration section */

/* Begin XCConfigurationList section */
		6BB708C7251A1F590035CFC6 /* Build configuration list for PBXProject "RssApp" */ = {
			isa = XCConfigurationList;
			buildConfigurations = (
				6BB708DE251A1F5B0035CFC6 /* Debug */,
				6BB708DF251A1F5B0035CFC6 /* Release */,
			);
			defaultConfigurationIsVisible = 0;
			defaultConfigurationName = Release;
		};
		6BB708E0251A1F5B0035CFC6 /* Build configuration list for PBXNativeTarget "RssApp" */ = {
			isa = XCConfigurationList;
			buildConfigurations = (
				6BB708E1251A1F5B0035CFC6 /* Debug */,
				6BB708E2251A1F5B0035CFC6 /* Release */,
			);
			defaultConfigurationIsVisible = 0;
			defaultConfigurationName = Release;
		};
/* End XCConfigurationList section */
	};
	rootObject = 6BB708C4251A1F590035CFC6 /* Project object */;
}
